apiVersion: v1
kind: Service
metadata:
  name: transitclock-svc
spec:
  selector:
    app: transitclock-api
  ports:
    - protocol: "TCP"
      port: 8501
      targetPort: 8501
      nodePort: 30000
  type: NodePort

---
# transitclock-api Deployment
# Defines the deployment of the app running in a pod on any worker node
apiVersion: apps/v1
kind: Deployment
metadata:
  name: transitclock-api
  labels:
    app: transitclock-api
spec:
  replicas: 1
  selector:
    matchLabels:
      app: transitclock-api
  template:
    metadata:
      labels:
        app: transitclock-api
    spec:
      containers:
        - name: transitclock-api
          image: localhost:32000/transitclockstreamlit
          ports:
            - containerPort: 8501
          env:
          - name: API_KEY
            value: "f78a2e9a"
          resources:
            # You must specify requests for CPU to autoscale
            # based on CPU utilization
            requests:
              cpu: "250m"
